
Microsoft Visual Studio Solution File, Format Version 12.00
# Visual Studio 14
VisualStudioVersion = 14.0.24720.0
MinimumVisualStudioVersion = 10.0.40219.1
Project("{FAE04EC0-301F-11D3-BF4B-00C04F79EFBC}") = "COMP123-s2016-Lesson2", "COMP123-s2016-Lesson2\COMP123-s2016-Lesson2.csproj", "{82284FAA-33B0-44E3-A42E-1D03197AFA33}"
EndProject
Project("{FAE04EC0-301F-11D3-BF4B-00C04F79EFBC}") = "UnitTestForLesson2", "UnitTestForLesson2\UnitTestForLesson2.csproj", "{5EA26E44-9BAA-4005-BBBE-6BC5CD94BDE6}"
EndProject
Global
	GlobalSection(SolutionConfigurationPlatforms) = preSolution
		Debug|Any CPU = Debug|Any CPU
		Release|Any CPU = Release|Any CPU
	EndGlobalSection
	GlobalSection(ProjectConfigurationPlatforms) = postSolution
		{82284FAA-33B0-44E3-A42E-1D03197AFA33}.Debug|Any CPU.ActiveCfg = Debug|Any CPU
		{82284FAA-33B0-44E3-A42E-1D03197AFA33}.Debug|Any CPU.Build.0 = Debug|Any CPU
		{82284FAA-33B0-44E3-A42E-1D03197AFA33}.Release|Any CPU.ActiveCfg = Release|Any CPU
		{82284FAA-33B0-44E3-A42E-1D03197AFA33}.Release|Any CPU.Build.0 = Release|Any CPU
		{5EA26E44-9BAA-4005-BBBE-6BC5CD94BDE6}.Debug|Any CPU.ActiveCfg = Debug|Any CPU
		{5EA26E44-9BAA-4005-BBBE-6BC5CD94BDE6}.Debug|Any CPU.Build.0 = Debug|Any CPU
		{5EA26E44-9BAA-4005-BBBE-6BC5CD94BDE6}.Release|Any CPU.ActiveCfg = Release|Any CPU
		{5EA26E44-9BAA-4005-BBBE-6BC5CD94BDE6}.Release|Any CPU.Build.0 = Release|Any CPU
	EndGlobalSection
	GlobalSection(SolutionProperties) = preSolution
		HideSolutionNode = FALSE
	EndGlobalSection
EndGlobal
